{
  "name": "plugin",
  "version": "1.0.0",
  "lockfileVersion": 1,
  "requires": true,
  "dependencies": {
    "dhtml-weixin": {
      "version": "1.9.1",
      "resolved": "https://registry.npmjs.org/dhtml-weixin/-/dhtml-weixin-1.9.1.tgz",
      "integrity": "sha512-HeSOSTD9mzRBxRy/T+lVnAVHqWGO7MuRwsawLhAwrrdMjFr+fbE696D77SP3DnGR3q6d/kHyT0D/TT3PtUqwhg=="
    },
    "three-weixin": {
      "version": "1.9.1",
      "resolved": "https://registry.npmjs.org/three-weixin/-/three-weixin-1.9.1.tgz",
      "integrity": "sha512-a+GXmoHo5TiYr2/7AA3EaUtuKGl6zuRn8wKBQV1ppCYRPOPRQvCqLwRmU6gquqdgkwmFl0DZpQHBv1Gcm0OiUQ==",
      "requires": {
        "dhtml-weixin": "1.9.1"
      }
    }
  }
}
