{
  "name": "threex",
  "version": "1.9.1",
  "lockfileVersion": 1,
  "requires": true,
  "dependencies": {
    "dhtml-weixin": {
      "version": "1.9.4",
      "resolved": "https://registry.npmjs.org/dhtml-weixin/-/dhtml-weixin-1.9.4.tgz",
      "integrity": "sha512-y0aIjWFRLLSPesogzMvBL06oh8eZul30m7McK5VppG3dRapEuK94UbSG/cda89SbLvzg+ELrhLH5GY8flRb4iw=="
    },
    "three-weixin": {
      "version": "1.9.4",
      "resolved": "https://registry.npmjs.org/three-weixin/-/three-weixin-1.9.4.tgz",
      "integrity": "sha512-2YX72yGcMmzspVCE0l5KNCPEo158bntiGL+FVIvGj9FftqrrkjF/GHXu5a1RBLAjNooVlcdfaZSqQ+STFbd2Aw==",
      "requires": {
        "dhtml-weixin": "1.9.4"
      }
    }
  }
}
