{
  "name": "demo_webgl",
  "version": "1.0.0",
  "lockfileVersion": 1,
  "requires": true,
  "dependencies": {
    "dhtml-weixin": {
      "version": "2.3.3",
      "resolved": "https://registry.npmjs.org/dhtml-weixin/-/dhtml-weixin-2.3.3.tgz",
      "integrity": "sha512-9lBP+AunkUKZHx6TULjp8oQJ+2bRna1eqtb+NeeSDbzuN6qAWrYQPIXJ54z+cpXhm8eFb15R/jEbFANNG0G+Ug=="
    },
    "pako": {
      "version": "1.0.11",
      "resolved": "https://registry.npmjs.org/pako/-/pako-1.0.11.tgz",
      "integrity": "sha512-4hLB8Py4zZce5s4yd9XzopqwVv/yGNhV1Bl8NTmCq1763HeK2+EwVTv+leGeL13Dnh2wfbqowVPXCIO0z4taYw=="
    },
    "three-weixin": {
      "version": "2.3.3",
      "resolved": "https://registry.npmjs.org/three-weixin/-/three-weixin-2.3.3.tgz",
      "integrity": "sha512-OWkdG6pOqU1S+5FS+WObq4Z5wItceZbHXhwqLyUSEvD4+BU6+JutR9bsgbm9RRKOs8pEzIDwuG7WKj6C671K6Q==",
      "requires": {
        "dhtml-weixin": "2.3.3"
      }
    }
  }
}
