{
  "name": "demo_webgl",
  "version": "1.0.0",
  "lockfileVersion": 1,
  "requires": true,
  "dependencies": {
    "dhtml-weixin": {
      "version": "2.5.1",
      "resolved": "https://registry.npmjs.org/dhtml-weixin/-/dhtml-weixin-2.5.1.tgz",
      "integrity": "sha512-uEeTan/8FS8Rl8SFhMUZ52fSE9gHdMf9SOJvNPc+E+JJtZT0kKHJLyabEj/l9vpIjclklL2a326gyLtwB90n6w=="
    },
    "pako": {
      "version": "1.0.11",
      "resolved": "https://registry.npmjs.org/pako/-/pako-1.0.11.tgz",
      "integrity": "sha512-4hLB8Py4zZce5s4yd9XzopqwVv/yGNhV1Bl8NTmCq1763HeK2+EwVTv+leGeL13Dnh2wfbqowVPXCIO0z4taYw=="
    },
    "three-weixin": {
      "version": "2.5.1",
      "resolved": "https://registry.npmjs.org/three-weixin/-/three-weixin-2.5.1.tgz",
      "integrity": "sha512-qUUJEyE50xItnNnoHaEC24MrZITQX/582F/RJrFE3KH0/aTJcEEN4Ux4aj8IkZbRnqgJeNNmQTd5jLvDMIPceQ==",
      "requires": {
        "dhtml-weixin": "2.5.1"
      }
    }
  }
}
