{
	"requires": true,
	"lockfileVersion": 1,
	"dependencies": {
		"dhtml-weixin": {
			"version": "2.9.0",
			"resolved": "http://112.74.84.131:4873/dhtml-weixin/-/dhtml-weixin-2.9.0.tgz",
			"integrity": "sha512-FYJ7L4gv2DsW5752jz4JVf6A0ZlvghvNr5xuVDqIBmbex5ItQHTaIvj8ppJCsdqzyf+TCGDo68xooAhGQr7Xig=="
		},
		"pako": {
			"version": "1.0.11",
			"resolved": "https://registry.npmjs.org/pako/-/pako-1.0.11.tgz",
			"integrity": "sha512-4hLB8Py4zZce5s4yd9XzopqwVv/yGNhV1Bl8NTmCq1763HeK2+EwVTv+leGeL13Dnh2wfbqowVPXCIO0z4taYw=="
		},
		"three-weixin": {
			"version": "2.9.0",
			"resolved": "http://112.74.84.131:4873/three-weixin/-/three-weixin-2.9.0.tgz",
			"integrity": "sha512-saKFDbbTQwIAw4sL25dfpzq+yoGq+1geDtvGc3ubiONCGtSyE69yHkA5/EhNr1o5Q+8+gN55RShVnpzz7WIhEg==",
			"requires": {
				"dhtml-weixin": "2.9.0"
			}
		}
	}
}
