{
	"requires": true,
	"lockfileVersion": 1,
	"dependencies": {
		"dhtml-weixin": {
			"version": "2.9.1",
			"resolved": "http://112.74.84.131:4873/dhtml-weixin/-/dhtml-weixin-2.9.1.tgz",
			"integrity": "sha512-7DYxOpbGiVbXaD/VE+75knadqImmKdrqt7+fLxmCc6hf/GhCGxaITYcY5hSpaYdznyx1g2/tZmrgsrk8vPHeLA=="
		},
		"pako": {
			"version": "1.0.11",
			"resolved": "https://registry.npmjs.org/pako/-/pako-1.0.11.tgz",
			"integrity": "sha512-4hLB8Py4zZce5s4yd9XzopqwVv/yGNhV1Bl8NTmCq1763HeK2+EwVTv+leGeL13Dnh2wfbqowVPXCIO0z4taYw=="
		},
		"three-weixin": {
			"version": "2.9.1",
			"resolved": "http://112.74.84.131:4873/three-weixin/-/three-weixin-2.9.1.tgz",
			"integrity": "sha512-tTnryXmJ6YODWiyJyuQoEpJYbk4deF/tiEcKjuiSBD8AjdanDWUqpI+X1+MPfF1LMYizbHquELLsWy2o/Uxi8Q==",
			"requires": {
				"dhtml-weixin": "2.9.1"
			}
		}
	}
}
