{
	"requires": true,
	"lockfileVersion": 1,
	"dependencies": {
		"dhtml-weixin": {
			"version": "2.7.1",
			"resolved": "http://112.74.84.131:4873/dhtml-weixin/-/dhtml-weixin-2.7.1.tgz",
			"integrity": "sha512-XVRdMwr3nYAHJh6H2MoNCVtrUTAN69Med99oC63edHJ0NZh8bWT+Yh66m6qOY5a7yZUd8LK3ChxIRdQNdwo3+g=="
		},
		"pako": {
			"version": "1.0.11",
			"resolved": "https://registry.npmjs.org/pako/-/pako-1.0.11.tgz",
			"integrity": "sha512-4hLB8Py4zZce5s4yd9XzopqwVv/yGNhV1Bl8NTmCq1763HeK2+EwVTv+leGeL13Dnh2wfbqowVPXCIO0z4taYw=="
		},
		"three-weixin": {
			"version": "2.7.1",
			"resolved": "http://112.74.84.131:4873/three-weixin/-/three-weixin-2.7.1.tgz",
			"integrity": "sha512-QSBW9axRa+iHoXSOqPJE21hRkYUrujA1sAVZSlrab9QB4mOfH2pSuxdBm4gxA0eTl34Ours/Xzq/NaKDbtgucg==",
			"requires": {
				"dhtml-weixin": "2.7.1"
			}
		}
	}
}
