{
  "name": "miniprogram",
  "version": "1.0.0",
  "lockfileVersion": 1,
  "requires": true,
  "dependencies": {
    "dhtml-weixin": {
      "version": "1.9.1",
      "resolved": "https://registry.npmjs.org/dhtml-weixin/-/dhtml-weixin-1.9.1.tgz",
      "integrity": "sha512-HeSOSTD9mzRBxRy/T+lVnAVHqWGO7MuRwsawLhAwrrdMjFr+fbE696D77SP3DnGR3q6d/kHyT0D/TT3PtUqwhg=="
    }
  }
}
